
Microsoft Visual Studio Solution File, Format Version 12.00
# Visual Studio Version 17
VisualStudioVersion = 17.13.35806.99 d17.13
MinimumVisualStudioVersion = 10.0.40219.1
Project("{FAE04EC0-301F-11D3-BF4B-00C04F79EFBC}") = "WebApplication4", "WebApplication4\WebApplication4.csproj", "{912A057B-0CAE-4E2F-B0B6-0182236D8D44}"
EndProject
Global
	GlobalSection(SolutionConfigurationPlatforms) = preSolution
		Debug|Any CPU = Debug|Any CPU
		Release|Any CPU = Release|Any CPU
	EndGlobalSection
	GlobalSection(ProjectConfigurationPlatforms) = postSolution
		{912A057B-0CAE-4E2F-B0B6-0182236D8D44}.Debug|Any CPU.ActiveCfg = Debug|Any CPU
		{912A057B-0CAE-4E2F-B0B6-0182236D8D44}.Debug|Any CPU.Build.0 = Debug|Any CPU
		{912A057B-0CAE-4E2F-B0B6-0182236D8D44}.Release|Any CPU.ActiveCfg = Release|Any CPU
		{912A057B-0CAE-4E2F-B0B6-0182236D8D44}.Release|Any CPU.Build.0 = Release|Any CPU
	EndGlobalSection
	GlobalSection(SolutionProperties) = preSolution
		HideSolutionNode = FALSE
	EndGlobalSection
	GlobalSection(ExtensibilityGlobals) = postSolution
		SolutionGuid = {840BDD91-4547-4E8A-A2C3-567DB0EB3CE5}
	EndGlobalSection
EndGlobal
